{
    "_readme": [
        "This file locks the dependencies of your project to a known state",
        "Read more about it at https://getcomposer.org/doc/01-basic-usage.md#composer-lock-the-lock-file",
        "This file is @generated automatically"
    ],
    "hash": "c750d04a67cc03ce75d5287b9fbcdd02",
    "content-hash": "40e62c137c96c4f3956676a17fd57350",
    "packages": [
        {
            "name": "mindk/fram",
            "version": "dev-master",
            "source": {
                "type": "git",
                "url": "https://github.com/natapunch/mfram.git",
                "reference": "a4ab81a774c208c580acbf1ce464ab00296195bf"
            },
            "dist": {
                "type": "zip",
                "url": "https://api.github.com/repos/natapunch/mfram/zipball/a4ab81a774c208c580acbf1ce464ab00296195bf",
                "reference": "a4ab81a774c208c580acbf1ce464ab00296195bf",
                "shasum": ""
            },
            "type": "library",
            "autoload": {
                "psr-4": {
                    "Mindk\\Fram\\": "src/"
                }
            },
            "license": [
                "MIT"
            ],
            "authors": [
                {
                    "name": "natapunch",
                    "email": "natapunch7@gmail.com"
                }
            ],
            "description": "FW",
            "support": {
                "source": "https://github.com/natapunch/mfram/tree/master",
                "issues": "https://github.com/natapunch/mfram/issues"
            },
            "time": "2017-02-24 15:46:27"
        }
    ],
    "packages-dev": [],
    "aliases": [],
    "minimum-stability": "dev",
    "stability-flags": {
        "mindk/fram": 20
    },
    "prefer-stable": false,
    "prefer-lowest": false,
    "platform": [],
    "platform-dev": []
}
